
Microsoft Visual Studio Solution File, Format Version 12.00
# Visual Studio Version 16
VisualStudioVersion = 16.0.30804.86
MinimumVisualStudioVersion = 10.0.40219.1
Project("{9A19103F-16F7-4668-BE54-9A1E7A4F7556}") = "ApiForMedicalSystem", "ApiForMedicalSystem\ApiForMedicalSystem.csproj", "{10D7A319-F57C-4D21-960D-578211944106}"
EndProject
Project("{FAE04EC0-301F-11D3-BF4B-00C04F79EFBC}") = "TelegramBot", "TelegramBot\TelegramBot.csproj", "{89E381FA-1AAF-4F2F-AF93-C3C38C39FFBD}"
EndProject
Global
	GlobalSection(SolutionConfigurationPlatforms) = preSolution
		Debug|Any CPU = Debug|Any CPU
		Release|Any CPU = Release|Any CPU
	EndGlobalSection
	GlobalSection(ProjectConfigurationPlatforms) = postSolution
		{10D7A319-F57C-4D21-960D-578211944106}.Debug|Any CPU.ActiveCfg = Debug|Any CPU
		{10D7A319-F57C-4D21-960D-578211944106}.Debug|Any CPU.Build.0 = Debug|Any CPU
		{10D7A319-F57C-4D21-960D-578211944106}.Release|Any CPU.ActiveCfg = Release|Any CPU
		{10D7A319-F57C-4D21-960D-578211944106}.Release|Any CPU.Build.0 = Release|Any CPU
		{89E381FA-1AAF-4F2F-AF93-C3C38C39FFBD}.Debug|Any CPU.ActiveCfg = Debug|Any CPU
		{89E381FA-1AAF-4F2F-AF93-C3C38C39FFBD}.Debug|Any CPU.Build.0 = Debug|Any CPU
		{89E381FA-1AAF-4F2F-AF93-C3C38C39FFBD}.Release|Any CPU.ActiveCfg = Release|Any CPU
		{89E381FA-1AAF-4F2F-AF93-C3C38C39FFBD}.Release|Any CPU.Build.0 = Release|Any CPU
	EndGlobalSection
	GlobalSection(SolutionProperties) = preSolution
		HideSolutionNode = FALSE
	EndGlobalSection
	GlobalSection(ExtensibilityGlobals) = postSolution
		SolutionGuid = {8C134E15-C1B8-4E57-951F-BA80A04D27AA}
	EndGlobalSection
EndGlobal
